
Microsoft Visual Studio Solution File, Format Version 12.00
# Visual Studio Version 17
VisualStudioVersion = 17.5.002.0
MinimumVisualStudioVersion = 10.0.40219.1
Project("{9A19103F-16F7-4668-BE54-9A1E7A4F7556}") = "stefc-generic-attribute", "stefc-generic-attribute.csproj", "{1C3D5290-E120-45D7-B18E-EA078ED99271}"
EndProject
Global
	GlobalSection(SolutionConfigurationPlatforms) = preSolution
		Debug|Any CPU = Debug|Any CPU
		Release|Any CPU = Release|Any CPU
	EndGlobalSection
	GlobalSection(ProjectConfigurationPlatforms) = postSolution
		{1C3D5290-E120-45D7-B18E-EA078ED99271}.Debug|Any CPU.ActiveCfg = Debug|Any CPU
		{1C3D5290-E120-45D7-B18E-EA078ED99271}.Debug|Any CPU.Build.0 = Debug|Any CPU
		{1C3D5290-E120-45D7-B18E-EA078ED99271}.Release|Any CPU.ActiveCfg = Release|Any CPU
		{1C3D5290-E120-45D7-B18E-EA078ED99271}.Release|Any CPU.Build.0 = Release|Any CPU
	EndGlobalSection
	GlobalSection(SolutionProperties) = preSolution
		HideSolutionNode = FALSE
	EndGlobalSection
	GlobalSection(ExtensibilityGlobals) = postSolution
		SolutionGuid = {1F2A6CFD-4A8A-428D-A61C-4AAC96BC5234}
	EndGlobalSection
EndGlobal
